
Microsoft Visual Studio Solution File, Format Version 12.00
# Visual Studio Version 17
VisualStudioVersion = 17.11.35327.3
MinimumVisualStudioVersion = 10.0.40219.1
Project("{FAE04EC0-301F-11D3-BF4B-00C04F79EFBC}") = "Week8EpicGame", "Week8EpicGame\Week8EpicGame.csproj", "{0DDD0294-4212-4BCA-8058-12B953379D7A}"
EndProject
Global
	GlobalSection(SolutionConfigurationPlatforms) = preSolution
		Debug|Any CPU = Debug|Any CPU
		Release|Any CPU = Release|Any CPU
	EndGlobalSection
	GlobalSection(ProjectConfigurationPlatforms) = postSolution
		{0DDD0294-4212-4BCA-8058-12B953379D7A}.Debug|Any CPU.ActiveCfg = Debug|Any CPU
		{0DDD0294-4212-4BCA-8058-12B953379D7A}.Debug|Any CPU.Build.0 = Debug|Any CPU
		{0DDD0294-4212-4BCA-8058-12B953379D7A}.Release|Any CPU.ActiveCfg = Release|Any CPU
		{0DDD0294-4212-4BCA-8058-12B953379D7A}.Release|Any CPU.Build.0 = Release|Any CPU
	EndGlobalSection
	GlobalSection(SolutionProperties) = preSolution
		HideSolutionNode = FALSE
	EndGlobalSection
	GlobalSection(ExtensibilityGlobals) = postSolution
		SolutionGuid = {1A1F3EFC-B536-4C8E-BCEF-7FF422ED280B}
	EndGlobalSection
EndGlobal
